{
  "version": "4",
  "specifiers": {
    "jsr:@std/assert@*": "0.206.0",
    "jsr:@std/assert@0.206": "0.206.0",
    "jsr:@std/fmt@0.206": "0.206.0",
    "jsr:@std/fs@0.206.0": "0.206.0",
    "jsr:@std/path@0.206": "0.206.0",
    "jsr:@std/path@0.206.0": "0.206.0"
  },
  "jsr": {
    "@std/assert@0.206.0": {
      "integrity": "9e3e4e1ae03bd154d5732afe7da88897f3b6a1f2b919b5bbea579c905d1a7054",
      "dependencies": [
        "jsr:@std/fmt"
      ]
    },
    "@std/fmt@0.206.0": {
      "integrity": "e068d8327cf477f7d67f5a04d2ff8ef0fa314b4d06f98395b4e802963f18f436"
    },
    "@std/fs@0.206.0": {
      "integrity": "619ffcf321aaea140617d317047d8dee4288f30a3a73825175ad5a750fe66868",
      "dependencies": [
        "jsr:@std/assert@0.206",
        "jsr:@std/path@0.206"
      ]
    },
    "@std/path@0.206.0": {
      "integrity": "402ca33fdde6846bfbe6cb15c616acfea248662e84104ac1a1e15a0d23875864",
      "dependencies": [
        "jsr:@std/assert@0.206"
      ]
    }
  },
  "remote": {
    "https://deno.land/std@0.186.0/fmt/colors.ts": "d67e3cd9f472535241a8e410d33423980bec45047e343577554d3356e1f0ef4e",
    "https://deno.land/std@0.186.0/testing/_diff.ts": "1a3c044aedf77647d6cac86b798c6417603361b66b54c53331b312caeb447aea",
    "https://deno.land/std@0.186.0/testing/_format.ts": "a69126e8a469009adf4cf2a50af889aca364c349797e63174884a52ff75cf4c7",
    "https://deno.land/std@0.186.0/testing/asserts.ts": "e16d98b4d73ffc4ed498d717307a12500ae4f2cbe668f1a215632d19fcffc22f"
  },
  "workspace": {
    "dependencies": [
      "jsr:@deno/dnt@0.37.0",
      "jsr:@std/fs@0.206.0",
      "jsr:@std/path@0.206.0",
      "jsr:@std/testing@0.172.0"
    ]
  }
}
