{
  "version": "4",
  "specifiers": {
    "jsr:@std/assert@0.206": "0.206.0",
    "jsr:@std/fs@0.206.0": "0.206.0",
    "jsr:@std/path@0.206": "0.206.0",
    "jsr:@std/path@0.206.0": "0.206.0"
  },
  "jsr": {
    "@std/assert@0.206.0": {
      "integrity": "9e3e4e1ae03bd154d5732afe7da88897f3b6a1f2b919b5bbea579c905d1a7054"
    },
    "@std/fs@0.206.0": {
      "integrity": "619ffcf321aaea140617d317047d8dee4288f30a3a73825175ad5a750fe66868",
      "dependencies": [
        "jsr:@std/assert",
        "jsr:@std/path@0.206"
      ]
    },
    "@std/path@0.206.0": {
      "integrity": "402ca33fdde6846bfbe6cb15c616acfea248662e84104ac1a1e15a0d23875864",
      "dependencies": [
        "jsr:@std/assert"
      ]
    }
  },
  "workspace": {
    "dependencies": [
      "jsr:@deno/dnt@0.37.0",
      "jsr:@std/fs@0.206.0",
      "jsr:@std/path@0.206.0",
      "jsr:@std/testing@0.172.0"
    ]
  }
}
